star_stats.txt
multiqc_report_all_files.html
plots
alignment_sub/star
alignment_sub/star/Aligned.sortedByCoord.out.bam
genome/star
genome/genome.fa
genome/annotations.gtf
genome/genome.fa.gz
qc_snake/Liv-01_S38_L005_R2_001_trimmed_fastqc.html
qc_snake/Liv-03_S40_L005_R2_001_trimmed_fastqc.html
qc_snake/Liv-01_S38_L005_R1_001_trimmed_fastqc.html
qc_snake/Liv-03_S40_L005_R1_001_trimmed_fastqc.html
qc_snake/Int-04_S45_L005_R2_001_trimmed_fastqc.html
qc_snake/Int-04_S45_L005_R1_001_trimmed_fastqc.html
qc_snake/Int-02_S43_L005_R2_001_trimmed_fastqc.html
qc_snake/Int-02_S43_L005_R1_001_trimmed_fastqc.html
qc_snake/Liv-02_S39_L005_R2_001_trimmed_fastqc.html
qc_snake/Liv-02_S39_L005_R1_001_trimmed_fastqc.html
qc_snake/Int-03_S44_L005_R2_001_trimmed_fastqc.html
qc_snake/Liv-04_S41_L005_R2_001_trimmed_fastqc.html
qc_snake/Int-03_S44_L005_R1_001_trimmed_fastqc.html
qc_snake/Liv-04_S41_L005_R1_001_trimmed_fastqc.html
qc_snake/Int-01_S42_L005_R2_001_trimmed_fastqc.html
qc_snake/Int-01_S42_L005_R1_001_trimmed_fastqc.html
qc_snake/Liv-01_S38_L005_R2_001_fastqc.html
qc_snake/Liv-03_S40_L005_R2_001_fastqc.html
qc_snake/Liv-01_S38_L005_R1_001_fastqc.html
qc_snake/Liv-03_S40_L005_R1_001_fastqc.html
qc_snake/Int-04_S45_L005_R2_001_fastqc.html
qc_snake/Int-04_S45_L005_R1_001_fastqc.html
qc_snake/Int-02_S43_L005_R2_001_fastqc.html
qc_snake/Int-02_S43_L005_R1_001_fastqc.html
qc_snake/Liv-02_S39_L005_R2_001_fastqc.html
qc_snake/Liv-02_S39_L005_R1_001_fastqc.html
qc_snake/Int-03_S44_L005_R2_001_fastqc.html
qc_snake/Liv-04_S41_L005_R2_001_fastqc.html
qc_snake/Int-03_S44_L005_R1_001_fastqc.html
qc_snake/Liv-04_S41_L005_R1_001_fastqc.html
qc_snake/Int-01_S42_L005_R2_001_fastqc.html
qc_snake/Int-01_S42_L005_R1_001_fastqc.html
trimmed/Liv-01_S38_L005_R2_001_trimmed.fastq.gz
/data/classes/2024/fall/biol343/course_files/20240923_LH00283_0144_B22NMVKLT3/Liv-01_S38_L005_R1_001.fastq.gz
/data/classes/2024/fall/biol343/course_files/20240923_LH00283_0144_B22NMVKLT3/Liv-01_S38_L005_R2_001.fastq.gz
trimmed/Liv-03_S40_L005_R2_001_trimmed.fastq.gz
/data/classes/2024/fall/biol343/course_files/20240923_LH00283_0144_B22NMVKLT3/Liv-03_S40_L005_R1_001.fastq.gz
/data/classes/2024/fall/biol343/course_files/20240923_LH00283_0144_B22NMVKLT3/Liv-03_S40_L005_R2_001.fastq.gz
trimmed/Liv-01_S38_L005_R1_001_trimmed.fastq.gz
trimmed/Liv-03_S40_L005_R1_001_trimmed.fastq.gz
trimmed/Int-04_S45_L005_R2_001_trimmed.fastq.gz
/data/classes/2024/fall/biol343/course_files/20240923_LH00283_0144_B22NMVKLT3/Int-04_S45_L005_R1_001.fastq.gz
/data/classes/2024/fall/biol343/course_files/20240923_LH00283_0144_B22NMVKLT3/Int-04_S45_L005_R2_001.fastq.gz
trimmed/Int-04_S45_L005_R1_001_trimmed.fastq.gz
trimmed/Int-02_S43_L005_R2_001_trimmed.fastq.gz
/data/classes/2024/fall/biol343/course_files/20240923_LH00283_0144_B22NMVKLT3/Int-02_S43_L005_R1_001.fastq.gz
/data/classes/2024/fall/biol343/course_files/20240923_LH00283_0144_B22NMVKLT3/Int-02_S43_L005_R2_001.fastq.gz
trimmed/Int-02_S43_L005_R1_001_trimmed.fastq.gz
trimmed/Liv-02_S39_L005_R2_001_trimmed.fastq.gz
/data/classes/2024/fall/biol343/course_files/20240923_LH00283_0144_B22NMVKLT3/Liv-02_S39_L005_R1_001.fastq.gz
/data/classes/2024/fall/biol343/course_files/20240923_LH00283_0144_B22NMVKLT3/Liv-02_S39_L005_R2_001.fastq.gz
trimmed/Liv-02_S39_L005_R1_001_trimmed.fastq.gz
trimmed/Int-03_S44_L005_R2_001_trimmed.fastq.gz
/data/classes/2024/fall/biol343/course_files/20240923_LH00283_0144_B22NMVKLT3/Int-03_S44_L005_R1_001.fastq.gz
/data/classes/2024/fall/biol343/course_files/20240923_LH00283_0144_B22NMVKLT3/Int-03_S44_L005_R2_001.fastq.gz
trimmed/Liv-04_S41_L005_R2_001_trimmed.fastq.gz
/data/classes/2024/fall/biol343/course_files/20240923_LH00283_0144_B22NMVKLT3/Liv-04_S41_L005_R1_001.fastq.gz
/data/classes/2024/fall/biol343/course_files/20240923_LH00283_0144_B22NMVKLT3/Liv-04_S41_L005_R2_001.fastq.gz
trimmed/Int-03_S44_L005_R1_001_trimmed.fastq.gz
trimmed/Liv-04_S41_L005_R1_001_trimmed.fastq.gz
trimmed/Int-01_S42_L005_R2_001_trimmed.fastq.gz
/data/classes/2024/fall/biol343/course_files/20240923_LH00283_0144_B22NMVKLT3/Int-01_S42_L005_R1_001.fastq.gz
/data/classes/2024/fall/biol343/course_files/20240923_LH00283_0144_B22NMVKLT3/Int-01_S42_L005_R2_001.fastq.gz
trimmed/Int-01_S42_L005_R1_001_trimmed.fastq.gz
/data/classes/2024/fall/biol343/course_files/20240923_LH00283_0144_B22NMVKLT3/Liv-01_S38_L005_R2_001.fastq.gz
/data/classes/2024/fall/biol343/course_files/20240923_LH00283_0144_B22NMVKLT3/Liv-03_S40_L005_R2_001.fastq.gz
/data/classes/2024/fall/biol343/course_files/20240923_LH00283_0144_B22NMVKLT3/Liv-01_S38_L005_R1_001.fastq.gz
/data/classes/2024/fall/biol343/course_files/20240923_LH00283_0144_B22NMVKLT3/Liv-03_S40_L005_R1_001.fastq.gz
/data/classes/2024/fall/biol343/course_files/20240923_LH00283_0144_B22NMVKLT3/Int-04_S45_L005_R2_001.fastq.gz
/data/classes/2024/fall/biol343/course_files/20240923_LH00283_0144_B22NMVKLT3/Int-04_S45_L005_R1_001.fastq.gz
/data/classes/2024/fall/biol343/course_files/20240923_LH00283_0144_B22NMVKLT3/Int-02_S43_L005_R2_001.fastq.gz
/data/classes/2024/fall/biol343/course_files/20240923_LH00283_0144_B22NMVKLT3/Int-02_S43_L005_R1_001.fastq.gz
/data/classes/2024/fall/biol343/course_files/20240923_LH00283_0144_B22NMVKLT3/Liv-02_S39_L005_R2_001.fastq.gz
/data/classes/2024/fall/biol343/course_files/20240923_LH00283_0144_B22NMVKLT3/Liv-02_S39_L005_R1_001.fastq.gz
/data/classes/2024/fall/biol343/course_files/20240923_LH00283_0144_B22NMVKLT3/Int-03_S44_L005_R2_001.fastq.gz
/data/classes/2024/fall/biol343/course_files/20240923_LH00283_0144_B22NMVKLT3/Liv-04_S41_L005_R2_001.fastq.gz
/data/classes/2024/fall/biol343/course_files/20240923_LH00283_0144_B22NMVKLT3/Int-03_S44_L005_R1_001.fastq.gz
/data/classes/2024/fall/biol343/course_files/20240923_LH00283_0144_B22NMVKLT3/Liv-04_S41_L005_R1_001.fastq.gz
/data/classes/2024/fall/biol343/course_files/20240923_LH00283_0144_B22NMVKLT3/Int-01_S42_L005_R2_001.fastq.gz
/data/classes/2024/fall/biol343/course_files/20240923_LH00283_0144_B22NMVKLT3/Int-01_S42_L005_R1_001.fastq.gz
star_counts.tsv
differential_expressions.R
genome/annotations.gtf
counting_sub/dedup_sub/star.bam
alignment_sub/star/Aligned.sortedByCoord.out.bam
