qc_snake/Liv-02_S39_L005_R1_001_fastqc.html
qc_snake/Liv-02_S39_L005_R1_001_fastqc.zip
qc_snake/Liv-01_S38_L005_R1_001_trimmed_fastqc.html
qc_snake/Liv-01_S38_L005_R1_001_trimmed_fastqc.zip
star_stats.txt
trimmed/Int-03_S44_L005_R1_001_trimmed.fastq.gz
trimmed/Int-03_S44_L005_R2_001_trimmed.fastq.gz
qc_snake/Liv-01_S38_L005_R1_001_fastqc.html
qc_snake/Liv-01_S38_L005_R1_001_fastqc.zip
genome/annotations.gtf
qc_snake/Int-03_S44_L005_R2_001_trimmed_fastqc.html
qc_snake/Int-03_S44_L005_R2_001_trimmed_fastqc.zip
genome/star
multiqc_report_all_files.html
qc_snake/Int-03_S44_L005_R2_001_fastqc.html
qc_snake/Int-03_S44_L005_R2_001_fastqc.zip
trimmed/Liv-03_S40_L005_R1_001_trimmed.fastq.gz
trimmed/Liv-03_S40_L005_R2_001_trimmed.fastq.gz
trimmed/Liv-04_S41_L005_R1_001_trimmed.fastq.gz
trimmed/Liv-04_S41_L005_R2_001_trimmed.fastq.gz
qc_snake/Liv-03_S40_L005_R1_001_trimmed_fastqc.html
qc_snake/Liv-03_S40_L005_R1_001_trimmed_fastqc.zip
genome/genome.fa
qc_snake/Liv-03_S40_L005_R1_001_fastqc.html
qc_snake/Liv-03_S40_L005_R1_001_fastqc.zip
qc_snake/Liv-04_S41_L005_R2_001_trimmed_fastqc.html
qc_snake/Liv-04_S41_L005_R2_001_trimmed_fastqc.zip
qc_snake/Liv-04_S41_L005_R2_001_fastqc.html
qc_snake/Liv-04_S41_L005_R2_001_fastqc.zip
qc_snake/Int-04_S45_L005_R2_001_trimmed_fastqc.html
qc_snake/Int-04_S45_L005_R2_001_trimmed_fastqc.zip
qc_snake/Int-04_S45_L005_R2_001_fastqc.html
qc_snake/Int-04_S45_L005_R2_001_fastqc.zip
qc_snake/Int-03_S44_L005_R1_001_trimmed_fastqc.html
qc_snake/Int-03_S44_L005_R1_001_trimmed_fastqc.zip
trimmed/Int-04_S45_L005_R1_001_trimmed.fastq.gz
trimmed/Int-04_S45_L005_R2_001_trimmed.fastq.gz
trimmed/Int-01_S42_L005_R1_001_trimmed.fastq.gz
trimmed/Int-01_S42_L005_R2_001_trimmed.fastq.gz
qc_snake/Liv-03_S40_L005_R2_001_fastqc.html
qc_snake/Liv-03_S40_L005_R2_001_fastqc.zip
plots
qc_snake/Int-03_S44_L005_R1_001_fastqc.html
qc_snake/Int-03_S44_L005_R1_001_fastqc.zip
qc_snake/Int-04_S45_L005_R1_001_trimmed_fastqc.html
qc_snake/Int-04_S45_L005_R1_001_trimmed_fastqc.zip
qc_snake/Int-04_S45_L005_R1_001_fastqc.html
qc_snake/Int-04_S45_L005_R1_001_fastqc.zip
qc_snake/Liv-04_S41_L005_R1_001_trimmed_fastqc.html
qc_snake/Liv-04_S41_L005_R1_001_trimmed_fastqc.zip
qc_snake/Liv-04_S41_L005_R1_001_fastqc.html
qc_snake/Liv-04_S41_L005_R1_001_fastqc.zip
qc_snake/Int-02_S43_L005_R2_001_trimmed_fastqc.html
qc_snake/Int-02_S43_L005_R2_001_trimmed_fastqc.zip
manifest.tsv
alignment_sub/star
alignment_sub/star/firstlog.final.out
alignment_sub/star/second.final.out
alignment_sub/star/SJ.out.tab
alignment_sub/star/Aligned.sortedByCoord.out.bam
qc_snake/Int-02_S43_L005_R2_001_fastqc.html
qc_snake/Int-02_S43_L005_R2_001_fastqc.zip
qc_snake/Int-01_S42_L005_R2_001_trimmed_fastqc.html
qc_snake/Int-01_S42_L005_R2_001_trimmed_fastqc.zip
counting_sub
counting_sub/logs_sub
counting_sub/dedup_sub
counting_sub/logs_sub/star_duplicates
counting_sub/dedup_sub/star.bam
qc_snake/Int-01_S42_L005_R2_001_fastqc.html
qc_snake/Int-01_S42_L005_R2_001_fastqc.zip
trimmed/Int-02_S43_L005_R1_001_trimmed.fastq.gz
trimmed/Int-02_S43_L005_R2_001_trimmed.fastq.gz
qc_snake/Int-02_S43_L005_R1_001_trimmed_fastqc.html
qc_snake/Int-02_S43_L005_R1_001_trimmed_fastqc.zip
star_counts.tsv
qc_snake/Int-02_S43_L005_R1_001_fastqc.html
qc_snake/Int-02_S43_L005_R1_001_fastqc.zip
qc_snake/Liv-01_S38_L005_R2_001_trimmed_fastqc.html
qc_snake/Liv-01_S38_L005_R2_001_trimmed_fastqc.zip
qc_snake/Int-01_S42_L005_R1_001_trimmed_fastqc.html
qc_snake/Int-01_S42_L005_R1_001_trimmed_fastqc.zip
qc_snake/Liv-01_S38_L005_R2_001_fastqc.html
qc_snake/Liv-01_S38_L005_R2_001_fastqc.zip
qc_snake/Int-01_S42_L005_R1_001_fastqc.html
qc_snake/Int-01_S42_L005_R1_001_fastqc.zip
qc_snake/Liv-02_S39_L005_R2_001_trimmed_fastqc.html
qc_snake/Liv-02_S39_L005_R2_001_trimmed_fastqc.zip
qc_snake/Liv-02_S39_L005_R2_001_fastqc.html
qc_snake/Liv-02_S39_L005_R2_001_fastqc.zip
trimmed/Liv-02_S39_L005_R1_001_trimmed.fastq.gz
trimmed/Liv-02_S39_L005_R2_001_trimmed.fastq.gz
genome/genome.fa.gz
qc_snake/Liv-03_S40_L005_R2_001_trimmed_fastqc.html
qc_snake/Liv-03_S40_L005_R2_001_trimmed_fastqc.zip
qc_snake/Liv-02_S39_L005_R1_001_trimmed_fastqc.html
qc_snake/Liv-02_S39_L005_R1_001_trimmed_fastqc.zip
trimmed/Liv-01_S38_L005_R1_001_trimmed.fastq.gz
trimmed/Liv-01_S38_L005_R2_001_trimmed.fastq.gz
